
Microsoft Visual Studio Solution File, Format Version 12.00
# Visual Studio Version 17
VisualStudioVersion = 17.6.33829.357
MinimumVisualStudioVersion = 10.0.40219.1
Project("{FAE04EC0-301F-11D3-BF4B-00C04F79EFBC}") = "ConsoleApp1", "ConsoleApp1.csproj", "{226BA804-4D97-4385-AC59-41BB0BE90EB0}"
EndProject
Global
	GlobalSection(SolutionConfigurationPlatforms) = preSolution
		Debug|Any CPU = Debug|Any CPU
		Release|Any CPU = Release|Any CPU
	EndGlobalSection
	GlobalSection(ProjectConfigurationPlatforms) = postSolution
		{226BA804-4D97-4385-AC59-41BB0BE90EB0}.Debug|Any CPU.ActiveCfg = Debug|Any CPU
		{226BA804-4D97-4385-AC59-41BB0BE90EB0}.Debug|Any CPU.Build.0 = Debug|Any CPU
		{226BA804-4D97-4385-AC59-41BB0BE90EB0}.Release|Any CPU.ActiveCfg = Release|Any CPU
		{226BA804-4D97-4385-AC59-41BB0BE90EB0}.Release|Any CPU.Build.0 = Release|Any CPU
	EndGlobalSection
	GlobalSection(SolutionProperties) = preSolution
		HideSolutionNode = FALSE
	EndGlobalSection
	GlobalSection(ExtensibilityGlobals) = postSolution
		SolutionGuid = {B2163744-6EE1-44C5-BA8E-DD72F9936FB4}
	EndGlobalSection
EndGlobal
